
Microsoft Visual Studio Solution File, Format Version 12.00
# Visual Studio 15
VisualStudioVersion = 15.0.27130.2010
MinimumVisualStudioVersion = 10.0.40219.1
Project("{FAE04EC0-301F-11D3-BF4B-00C04F79EFBC}") = "EhrWeb", "EhrWeb\EhrWeb.csproj", "{E1EE9178-BBEF-42A9-A835-CB1E5BCBC3EC}"
EndProject
Global
	GlobalSection(SolutionConfigurationPlatforms) = preSolution
		Debug|Any CPU = Debug|Any CPU
		Release|Any CPU = Release|Any CPU
	EndGlobalSection
	GlobalSection(ProjectConfigurationPlatforms) = postSolution
		{E1EE9178-BBEF-42A9-A835-CB1E5BCBC3EC}.Debug|Any CPU.ActiveCfg = Debug|Any CPU
		{E1EE9178-BBEF-42A9-A835-CB1E5BCBC3EC}.Debug|Any CPU.Build.0 = Debug|Any CPU
		{E1EE9178-BBEF-42A9-A835-CB1E5BCBC3EC}.Release|Any CPU.ActiveCfg = Release|Any CPU
		{E1EE9178-BBEF-42A9-A835-CB1E5BCBC3EC}.Release|Any CPU.Build.0 = Release|Any CPU
	EndGlobalSection
	GlobalSection(SolutionProperties) = preSolution
		HideSolutionNode = FALSE
	EndGlobalSection
	GlobalSection(ExtensibilityGlobals) = postSolution
		SolutionGuid = {55EFE067-B8C6-4DF4-8CD7-A2132E643921}
	EndGlobalSection
EndGlobal
